
Microsoft Visual Studio Solution File, Format Version 12.00
# Visual Studio Version 17
VisualStudioVersion = 17.11.35327.3
MinimumVisualStudioVersion = 10.0.40219.1
Project("{FAE04EC0-301F-11D3-BF4B-00C04F79EFBC}") = "DPApp", "DPApp\DPApp.csproj", "{8E63F773-A2B6-4EAA-8F58-E9602536E426}"
EndProject
Global
	GlobalSection(SolutionConfigurationPlatforms) = preSolution
		Debug|Any CPU = Debug|Any CPU
		Release|Any CPU = Release|Any CPU
	EndGlobalSection
	GlobalSection(ProjectConfigurationPlatforms) = postSolution
		{8E63F773-A2B6-4EAA-8F58-E9602536E426}.Debug|Any CPU.ActiveCfg = Debug|Any CPU
		{8E63F773-A2B6-4EAA-8F58-E9602536E426}.Debug|Any CPU.Build.0 = Debug|Any CPU
		{8E63F773-A2B6-4EAA-8F58-E9602536E426}.Release|Any CPU.ActiveCfg = Release|Any CPU
		{8E63F773-A2B6-4EAA-8F58-E9602536E426}.Release|Any CPU.Build.0 = Release|Any CPU
	EndGlobalSection
	GlobalSection(SolutionProperties) = preSolution
		HideSolutionNode = FALSE
	EndGlobalSection
	GlobalSection(ExtensibilityGlobals) = postSolution
		SolutionGuid = {BA674380-7759-4174-970A-1064C913C51F}
	EndGlobalSection
EndGlobal
